
Microsoft Visual Studio Solution File, Format Version 12.00
# Visual Studio Version 16
VisualStudioVersion = 16.0.31729.503
MinimumVisualStudioVersion = 10.0.40219.1
Project("{FAE04EC0-301F-11D3-BF4B-00C04F79EFBC}") = "TicTacToe", "TicTacToe\TicTacToe.csproj", "{DEAD793E-221E-4C7D-B759-00F35FA323A0}"
EndProject
Project("{54435603-DBB4-11D2-8724-00A0C9A8B90C}") = "TicTacToeSetUp", "TicTacToeSetUp\TicTacToeSetUp.vdproj", "{E3079ADB-30A8-4385-9232-8584ED67C012}"
EndProject
Global
	GlobalSection(SolutionConfigurationPlatforms) = preSolution
		Debug|Any CPU = Debug|Any CPU
		Release|Any CPU = Release|Any CPU
	EndGlobalSection
	GlobalSection(ProjectConfigurationPlatforms) = postSolution
		{DEAD793E-221E-4C7D-B759-00F35FA323A0}.Debug|Any CPU.ActiveCfg = Debug|Any CPU
		{DEAD793E-221E-4C7D-B759-00F35FA323A0}.Debug|Any CPU.Build.0 = Debug|Any CPU
		{DEAD793E-221E-4C7D-B759-00F35FA323A0}.Release|Any CPU.ActiveCfg = Release|Any CPU
		{DEAD793E-221E-4C7D-B759-00F35FA323A0}.Release|Any CPU.Build.0 = Release|Any CPU
		{E3079ADB-30A8-4385-9232-8584ED67C012}.Debug|Any CPU.ActiveCfg = Debug
		{E3079ADB-30A8-4385-9232-8584ED67C012}.Release|Any CPU.ActiveCfg = Release
	EndGlobalSection
	GlobalSection(SolutionProperties) = preSolution
		HideSolutionNode = FALSE
	EndGlobalSection
	GlobalSection(ExtensibilityGlobals) = postSolution
		SolutionGuid = {006C5092-2B71-48E1-BE66-331F800A8ECF}
	EndGlobalSection
EndGlobal
